
Microsoft Visual Studio Solution File, Format Version 12.00
# Visual Studio Version 17
VisualStudioVersion = 17.1.32407.343
MinimumVisualStudioVersion = 10.0.40219.1
Project("{9A19103F-16F7-4668-BE54-9A1E7A4F7556}") = "LeeTeke.WpfControl", "LeeTeke.WpfControl\LeeTeke.WpfControl.csproj", "{2F1E8C9A-B236-476C-B5C4-3099BC425223}"
EndProject
Project("{FAE04EC0-301F-11D3-BF4B-00C04F79EFBC}") = "LeeTeke.WpfControl.Demo", "LeeTeke.WpfControl.Demo\LeeTeke.WpfControl.Demo.csproj", "{37707905-6CA2-474B-894D-F84DC1A8D4E0}"
EndProject
Global
	GlobalSection(SolutionConfigurationPlatforms) = preSolution
		Debug|Any CPU = Debug|Any CPU
		Release|Any CPU = Release|Any CPU
	EndGlobalSection
	GlobalSection(ProjectConfigurationPlatforms) = postSolution
		{2F1E8C9A-B236-476C-B5C4-3099BC425223}.Debug|Any CPU.ActiveCfg = Debug|Any CPU
		{2F1E8C9A-B236-476C-B5C4-3099BC425223}.Debug|Any CPU.Build.0 = Debug|Any CPU
		{2F1E8C9A-B236-476C-B5C4-3099BC425223}.Release|Any CPU.ActiveCfg = Release|Any CPU
		{2F1E8C9A-B236-476C-B5C4-3099BC425223}.Release|Any CPU.Build.0 = Release|Any CPU
		{37707905-6CA2-474B-894D-F84DC1A8D4E0}.Debug|Any CPU.ActiveCfg = Debug|Any CPU
		{37707905-6CA2-474B-894D-F84DC1A8D4E0}.Debug|Any CPU.Build.0 = Debug|Any CPU
		{37707905-6CA2-474B-894D-F84DC1A8D4E0}.Release|Any CPU.ActiveCfg = Release|Any CPU
		{37707905-6CA2-474B-894D-F84DC1A8D4E0}.Release|Any CPU.Build.0 = Release|Any CPU
	EndGlobalSection
	GlobalSection(SolutionProperties) = preSolution
		HideSolutionNode = FALSE
	EndGlobalSection
	GlobalSection(ExtensibilityGlobals) = postSolution
		SolutionGuid = {97513DC6-5832-4D0C-95CF-90FA04AD1681}
	EndGlobalSection
EndGlobal
